
Microsoft Visual Studio Solution File, Format Version 12.00
# Visual Studio Version 17
VisualStudioVersion = 17.0.32112.339
MinimumVisualStudioVersion = 10.0.40219.1
Project("{9A19103F-16F7-4668-BE54-9A1E7A4F7556}") = "BlazorTest.Identity", "BlazorTest.Identity\BlazorTest.Identity.csproj", "{4A24AB71-D7AE-412B-80CF-8C0C577E9977}"
EndProject
Project("{9A19103F-16F7-4668-BE54-9A1E7A4F7556}") = "BlazorTest.Orders", "BlazorTest.Orders\BlazorTest.Orders.csproj", "{D2B7B92C-4BFB-4FEB-8C12-2D1002DA5ED8}"
EndProject
Project("{E53339B2-1760-4266-BCC7-CA923CBCF16C}") = "docker-compose", "docker-compose.dcproj", "{684CE7B1-C879-4729-9B99-3FDAE3466039}"
EndProject
Project("{2150E333-8FDC-42A3-9474-1A3956D46DE8}") = "Solution Items", "Solution Items", "{9D2F9280-99E7-4073-BA0B-B8B31644B753}"
	ProjectSection(SolutionItems) = preProject
		.editorconfig = .editorconfig
	EndProjectSection
EndProject
Project("{2150E333-8FDC-42A3-9474-1A3956D46DE8}") = "src", "src", "{592B08C1-FDF0-4D0E-8BF7-348AF3D652F0}"
EndProject
Project("{2150E333-8FDC-42A3-9474-1A3956D46DE8}") = "Services", "Services", "{D96F7968-63D0-412E-A1F4-2FCCE39A3F00}"
EndProject
Project("{2150E333-8FDC-42A3-9474-1A3956D46DE8}") = "Identity", "Identity", "{0EF152C8-4B3F-4D93-9C0D-8491AB59B34C}"
EndProject
Project("{2150E333-8FDC-42A3-9474-1A3956D46DE8}") = "Orders", "Orders", "{D5F68751-D9B7-43FE-9C2D-84D091444F37}"
EndProject
Project("{2150E333-8FDC-42A3-9474-1A3956D46DE8}") = "Core", "Core", "{854DD3B6-1C1D-45BD-B0C7-EF2CA6814D25}"
EndProject
Project("{2150E333-8FDC-42A3-9474-1A3956D46DE8}") = "Infrastructure", "Infrastructure", "{B34FCA7C-5267-4C6D-A06D-B1BA96538653}"
EndProject
Project("{2150E333-8FDC-42A3-9474-1A3956D46DE8}") = "Presentation", "Presentation", "{7DD048E5-7A27-44F0-B0B3-A42A658E53E6}"
EndProject
Project("{2150E333-8FDC-42A3-9474-1A3956D46DE8}") = "Core", "Core", "{A3E8C713-6AEC-4DFB-8E0E-157786B088F3}"
EndProject
Project("{2150E333-8FDC-42A3-9474-1A3956D46DE8}") = "Infrastructure", "Infrastructure", "{AFA2CBC7-CC79-408E-AE80-C1479C2A4A1A}"
EndProject
Project("{2150E333-8FDC-42A3-9474-1A3956D46DE8}") = "Presentation", "Presentation", "{E28E7CC0-1EE0-4BE1-8AE0-EA34FDA7C180}"
EndProject
Project("{FAE04EC0-301F-11D3-BF4B-00C04F79EFBC}") = "BlazorTest.Identity.Domain", "..\BlazorTest.Identity.Domain\BlazorTest.Identity.Domain.csproj", "{C7FFBC41-B336-47F5-AE10-E3EB6666D0E2}"
EndProject
Project("{FAE04EC0-301F-11D3-BF4B-00C04F79EFBC}") = "BlazorTest.Identity.Application", "..\BlazorTest.Identity.Application\BlazorTest.Identity.Application.csproj", "{9E7C3B3A-9F24-4DFA-94DD-79D89F09809C}"
EndProject
Project("{FAE04EC0-301F-11D3-BF4B-00C04F79EFBC}") = "BlazorTest.Identity.Persistence", "..\BlazorTest.Identity.Persistence\BlazorTest.Identity.Persistence.csproj", "{1978ADB6-6B9A-4D7E-8E2E-5AABFA8F4584}"
EndProject
Project("{FAE04EC0-301F-11D3-BF4B-00C04F79EFBC}") = "BlazorTest.Orders.Domain", "..\BlazorTest.Orders.Domain\BlazorTest.Orders.Domain.csproj", "{EDB624A2-1C12-4543-AA5E-69941D24F05F}"
EndProject
Project("{FAE04EC0-301F-11D3-BF4B-00C04F79EFBC}") = "BlazorTest.Orders.Application", "..\BlazorTest.Orders.Application\BlazorTest.Orders.Application.csproj", "{BD3CEED2-2726-462F-A919-0B330F74A097}"
EndProject
Project("{FAE04EC0-301F-11D3-BF4B-00C04F79EFBC}") = "BlazorTest.Orders.Persistence", "..\BlazorTest.Orders.Persistence\BlazorTest.Orders.Persistence.csproj", "{CE8E7A8E-B4FA-450A-9511-431C3003E7FB}"
EndProject
Global
	GlobalSection(SolutionConfigurationPlatforms) = preSolution
		Debug|Any CPU = Debug|Any CPU
		Release|Any CPU = Release|Any CPU
	EndGlobalSection
	GlobalSection(ProjectConfigurationPlatforms) = postSolution
		{4A24AB71-D7AE-412B-80CF-8C0C577E9977}.Debug|Any CPU.ActiveCfg = Debug|Any CPU
		{4A24AB71-D7AE-412B-80CF-8C0C577E9977}.Debug|Any CPU.Build.0 = Debug|Any CPU
		{4A24AB71-D7AE-412B-80CF-8C0C577E9977}.Release|Any CPU.ActiveCfg = Release|Any CPU
		{4A24AB71-D7AE-412B-80CF-8C0C577E9977}.Release|Any CPU.Build.0 = Release|Any CPU
		{D2B7B92C-4BFB-4FEB-8C12-2D1002DA5ED8}.Debug|Any CPU.ActiveCfg = Debug|Any CPU
		{D2B7B92C-4BFB-4FEB-8C12-2D1002DA5ED8}.Debug|Any CPU.Build.0 = Debug|Any CPU
		{D2B7B92C-4BFB-4FEB-8C12-2D1002DA5ED8}.Release|Any CPU.ActiveCfg = Release|Any CPU
		{D2B7B92C-4BFB-4FEB-8C12-2D1002DA5ED8}.Release|Any CPU.Build.0 = Release|Any CPU
		{684CE7B1-C879-4729-9B99-3FDAE3466039}.Debug|Any CPU.ActiveCfg = Debug|Any CPU
		{684CE7B1-C879-4729-9B99-3FDAE3466039}.Debug|Any CPU.Build.0 = Debug|Any CPU
		{684CE7B1-C879-4729-9B99-3FDAE3466039}.Release|Any CPU.ActiveCfg = Release|Any CPU
		{684CE7B1-C879-4729-9B99-3FDAE3466039}.Release|Any CPU.Build.0 = Release|Any CPU
		{C7FFBC41-B336-47F5-AE10-E3EB6666D0E2}.Debug|Any CPU.ActiveCfg = Debug|Any CPU
		{C7FFBC41-B336-47F5-AE10-E3EB6666D0E2}.Debug|Any CPU.Build.0 = Debug|Any CPU
		{C7FFBC41-B336-47F5-AE10-E3EB6666D0E2}.Release|Any CPU.ActiveCfg = Release|Any CPU
		{C7FFBC41-B336-47F5-AE10-E3EB6666D0E2}.Release|Any CPU.Build.0 = Release|Any CPU
		{9E7C3B3A-9F24-4DFA-94DD-79D89F09809C}.Debug|Any CPU.ActiveCfg = Debug|Any CPU
		{9E7C3B3A-9F24-4DFA-94DD-79D89F09809C}.Debug|Any CPU.Build.0 = Debug|Any CPU
		{9E7C3B3A-9F24-4DFA-94DD-79D89F09809C}.Release|Any CPU.ActiveCfg = Release|Any CPU
		{9E7C3B3A-9F24-4DFA-94DD-79D89F09809C}.Release|Any CPU.Build.0 = Release|Any CPU
		{1978ADB6-6B9A-4D7E-8E2E-5AABFA8F4584}.Debug|Any CPU.ActiveCfg = Debug|Any CPU
		{1978ADB6-6B9A-4D7E-8E2E-5AABFA8F4584}.Debug|Any CPU.Build.0 = Debug|Any CPU
		{1978ADB6-6B9A-4D7E-8E2E-5AABFA8F4584}.Release|Any CPU.ActiveCfg = Release|Any CPU
		{1978ADB6-6B9A-4D7E-8E2E-5AABFA8F4584}.Release|Any CPU.Build.0 = Release|Any CPU
		{EDB624A2-1C12-4543-AA5E-69941D24F05F}.Debug|Any CPU.ActiveCfg = Debug|Any CPU
		{EDB624A2-1C12-4543-AA5E-69941D24F05F}.Debug|Any CPU.Build.0 = Debug|Any CPU
		{EDB624A2-1C12-4543-AA5E-69941D24F05F}.Release|Any CPU.ActiveCfg = Release|Any CPU
		{EDB624A2-1C12-4543-AA5E-69941D24F05F}.Release|Any CPU.Build.0 = Release|Any CPU
		{BD3CEED2-2726-462F-A919-0B330F74A097}.Debug|Any CPU.ActiveCfg = Debug|Any CPU
		{BD3CEED2-2726-462F-A919-0B330F74A097}.Debug|Any CPU.Build.0 = Debug|Any CPU
		{BD3CEED2-2726-462F-A919-0B330F74A097}.Release|Any CPU.ActiveCfg = Release|Any CPU
		{BD3CEED2-2726-462F-A919-0B330F74A097}.Release|Any CPU.Build.0 = Release|Any CPU
		{CE8E7A8E-B4FA-450A-9511-431C3003E7FB}.Debug|Any CPU.ActiveCfg = Debug|Any CPU
		{CE8E7A8E-B4FA-450A-9511-431C3003E7FB}.Debug|Any CPU.Build.0 = Debug|Any CPU
		{CE8E7A8E-B4FA-450A-9511-431C3003E7FB}.Release|Any CPU.ActiveCfg = Release|Any CPU
		{CE8E7A8E-B4FA-450A-9511-431C3003E7FB}.Release|Any CPU.Build.0 = Release|Any CPU
	EndGlobalSection
	GlobalSection(SolutionProperties) = preSolution
		HideSolutionNode = FALSE
	EndGlobalSection
	GlobalSection(NestedProjects) = preSolution
		{4A24AB71-D7AE-412B-80CF-8C0C577E9977} = {7DD048E5-7A27-44F0-B0B3-A42A658E53E6}
		{D2B7B92C-4BFB-4FEB-8C12-2D1002DA5ED8} = {E28E7CC0-1EE0-4BE1-8AE0-EA34FDA7C180}
		{D96F7968-63D0-412E-A1F4-2FCCE39A3F00} = {592B08C1-FDF0-4D0E-8BF7-348AF3D652F0}
		{0EF152C8-4B3F-4D93-9C0D-8491AB59B34C} = {D96F7968-63D0-412E-A1F4-2FCCE39A3F00}
		{D5F68751-D9B7-43FE-9C2D-84D091444F37} = {D96F7968-63D0-412E-A1F4-2FCCE39A3F00}
		{854DD3B6-1C1D-45BD-B0C7-EF2CA6814D25} = {0EF152C8-4B3F-4D93-9C0D-8491AB59B34C}
		{B34FCA7C-5267-4C6D-A06D-B1BA96538653} = {0EF152C8-4B3F-4D93-9C0D-8491AB59B34C}
		{7DD048E5-7A27-44F0-B0B3-A42A658E53E6} = {0EF152C8-4B3F-4D93-9C0D-8491AB59B34C}
		{A3E8C713-6AEC-4DFB-8E0E-157786B088F3} = {D5F68751-D9B7-43FE-9C2D-84D091444F37}
		{AFA2CBC7-CC79-408E-AE80-C1479C2A4A1A} = {D5F68751-D9B7-43FE-9C2D-84D091444F37}
		{E28E7CC0-1EE0-4BE1-8AE0-EA34FDA7C180} = {D5F68751-D9B7-43FE-9C2D-84D091444F37}
		{C7FFBC41-B336-47F5-AE10-E3EB6666D0E2} = {854DD3B6-1C1D-45BD-B0C7-EF2CA6814D25}
		{9E7C3B3A-9F24-4DFA-94DD-79D89F09809C} = {854DD3B6-1C1D-45BD-B0C7-EF2CA6814D25}
		{1978ADB6-6B9A-4D7E-8E2E-5AABFA8F4584} = {B34FCA7C-5267-4C6D-A06D-B1BA96538653}
		{EDB624A2-1C12-4543-AA5E-69941D24F05F} = {A3E8C713-6AEC-4DFB-8E0E-157786B088F3}
		{BD3CEED2-2726-462F-A919-0B330F74A097} = {A3E8C713-6AEC-4DFB-8E0E-157786B088F3}
		{CE8E7A8E-B4FA-450A-9511-431C3003E7FB} = {AFA2CBC7-CC79-408E-AE80-C1479C2A4A1A}
	EndGlobalSection
	GlobalSection(ExtensibilityGlobals) = postSolution
		SolutionGuid = {6B95E161-0E6B-44F0-AB49-209880827862}
	EndGlobalSection
EndGlobal
