
Microsoft Visual Studio Solution File, Format Version 12.00
# Visual Studio Version 17
VisualStudioVersion = 17.0.32112.339
MinimumVisualStudioVersion = 10.0.40219.1
Project("{9A19103F-16F7-4668-BE54-9A1E7A4F7556}") = "BlazorTest.Identity", "BlazorTest.Identity\BlazorTest.Identity.csproj", "{4A24AB71-D7AE-412B-80CF-8C0C577E9977}"
EndProject
Project("{9A19103F-16F7-4668-BE54-9A1E7A4F7556}") = "BlazorTest.Orders", "BlazorTest.Orders\BlazorTest.Orders.csproj", "{D2B7B92C-4BFB-4FEB-8C12-2D1002DA5ED8}"
EndProject
Project("{E53339B2-1760-4266-BCC7-CA923CBCF16C}") = "docker-compose", "docker-compose.dcproj", "{684CE7B1-C879-4729-9B99-3FDAE3466039}"
EndProject
Project("{2150E333-8FDC-42A3-9474-1A3956D46DE8}") = "Solution Items", "Solution Items", "{9D2F9280-99E7-4073-BA0B-B8B31644B753}"
	ProjectSection(SolutionItems) = preProject
		.editorconfig = .editorconfig
	EndProjectSection
EndProject
Project("{2150E333-8FDC-42A3-9474-1A3956D46DE8}") = "src", "src", "{592B08C1-FDF0-4D0E-8BF7-348AF3D652F0}"
EndProject
Project("{2150E333-8FDC-42A3-9474-1A3956D46DE8}") = "Services", "Services", "{D96F7968-63D0-412E-A1F4-2FCCE39A3F00}"
EndProject
Project("{2150E333-8FDC-42A3-9474-1A3956D46DE8}") = "Identity", "Identity", "{0EF152C8-4B3F-4D93-9C0D-8491AB59B34C}"
EndProject
Project("{2150E333-8FDC-42A3-9474-1A3956D46DE8}") = "Orders", "Orders", "{D5F68751-D9B7-43FE-9C2D-84D091444F37}"
EndProject
Project("{2150E333-8FDC-42A3-9474-1A3956D46DE8}") = "Core", "Core", "{854DD3B6-1C1D-45BD-B0C7-EF2CA6814D25}"
EndProject
Project("{2150E333-8FDC-42A3-9474-1A3956D46DE8}") = "Infrastructure", "Infrastructure", "{B34FCA7C-5267-4C6D-A06D-B1BA96538653}"
EndProject
Project("{2150E333-8FDC-42A3-9474-1A3956D46DE8}") = "Presentation", "Presentation", "{7DD048E5-7A27-44F0-B0B3-A42A658E53E6}"
EndProject
Project("{2150E333-8FDC-42A3-9474-1A3956D46DE8}") = "Core", "Core", "{A3E8C713-6AEC-4DFB-8E0E-157786B088F3}"
EndProject
Project("{2150E333-8FDC-42A3-9474-1A3956D46DE8}") = "Infrastructure", "Infrastructure", "{AFA2CBC7-CC79-408E-AE80-C1479C2A4A1A}"
EndProject
Project("{2150E333-8FDC-42A3-9474-1A3956D46DE8}") = "Presentation", "Presentation", "{E28E7CC0-1EE0-4BE1-8AE0-EA34FDA7C180}"
EndProject
Project("{9A19103F-16F7-4668-BE54-9A1E7A4F7556}") = "BlazorTest.Identity.Domain", "BlazorTest.Identity.Domain\BlazorTest.Identity.Domain.csproj", "{999849E7-0DA2-4DE6-9521-765C153E3035}"
EndProject
Project("{9A19103F-16F7-4668-BE54-9A1E7A4F7556}") = "BlazorTest.Identity.Application", "BlazorTest.Identity.Application\BlazorTest.Identity.Application.csproj", "{8B741C51-3F06-438F-A54D-504C6A5369FA}"
EndProject
Project("{9A19103F-16F7-4668-BE54-9A1E7A4F7556}") = "BlazorTest.Identity.Persistence", "BlazorTest.Identity.Persistence\BlazorTest.Identity.Persistence.csproj", "{2260C305-1FB0-4E02-ACA0-460ECE721F91}"
EndProject
Project("{9A19103F-16F7-4668-BE54-9A1E7A4F7556}") = "BlazorTest.Orders.Domain", "BlazorTest.Orders.Domain\BlazorTest.Orders.Domain.csproj", "{A331A7A9-5601-47C1-810A-CE1EC2CEA6C9}"
EndProject
Project("{9A19103F-16F7-4668-BE54-9A1E7A4F7556}") = "BlazorTest.Orders.Application", "BlazorTest.Orders.Application\BlazorTest.Orders.Application.csproj", "{5A249A2E-F285-4038-B064-D8A84B283E9F}"
EndProject
Project("{9A19103F-16F7-4668-BE54-9A1E7A4F7556}") = "BlazorTest.Orders.Persistence", "BlazorTest.Orders.Persistence\BlazorTest.Orders.Persistence.csproj", "{DF5FD4E4-2B82-4D1C-A7BA-C5815C8B54A7}"
EndProject
Project("{2150E333-8FDC-42A3-9474-1A3956D46DE8}") = "Client", "Client", "{4BD14462-A19A-45AC-9F2A-BE321CB4A98E}"
EndProject
Project("{FAE04EC0-301F-11D3-BF4B-00C04F79EFBC}") = "BlazorTest.Identity.Web.Server", "BlazorTest.Identity.Web\Server\BlazorTest.Identity.Web.Server.csproj", "{49F952EA-F0FA-4385-A1E3-685C6A903958}"
EndProject
Project("{FAE04EC0-301F-11D3-BF4B-00C04F79EFBC}") = "BlazorTest.Identity.Web.Client", "BlazorTest.Identity.Web\Client\BlazorTest.Identity.Web.Client.csproj", "{9C76A0DE-F4FD-4BEA-85CA-ADF935F608A2}"
EndProject
Global
	GlobalSection(SolutionConfigurationPlatforms) = preSolution
		Debug|Any CPU = Debug|Any CPU
		Release|Any CPU = Release|Any CPU
	EndGlobalSection
	GlobalSection(ProjectConfigurationPlatforms) = postSolution
		{4A24AB71-D7AE-412B-80CF-8C0C577E9977}.Debug|Any CPU.ActiveCfg = Debug|Any CPU
		{4A24AB71-D7AE-412B-80CF-8C0C577E9977}.Debug|Any CPU.Build.0 = Debug|Any CPU
		{4A24AB71-D7AE-412B-80CF-8C0C577E9977}.Release|Any CPU.ActiveCfg = Release|Any CPU
		{4A24AB71-D7AE-412B-80CF-8C0C577E9977}.Release|Any CPU.Build.0 = Release|Any CPU
		{D2B7B92C-4BFB-4FEB-8C12-2D1002DA5ED8}.Debug|Any CPU.ActiveCfg = Debug|Any CPU
		{D2B7B92C-4BFB-4FEB-8C12-2D1002DA5ED8}.Debug|Any CPU.Build.0 = Debug|Any CPU
		{D2B7B92C-4BFB-4FEB-8C12-2D1002DA5ED8}.Release|Any CPU.ActiveCfg = Release|Any CPU
		{D2B7B92C-4BFB-4FEB-8C12-2D1002DA5ED8}.Release|Any CPU.Build.0 = Release|Any CPU
		{684CE7B1-C879-4729-9B99-3FDAE3466039}.Debug|Any CPU.ActiveCfg = Debug|Any CPU
		{684CE7B1-C879-4729-9B99-3FDAE3466039}.Debug|Any CPU.Build.0 = Debug|Any CPU
		{684CE7B1-C879-4729-9B99-3FDAE3466039}.Release|Any CPU.ActiveCfg = Release|Any CPU
		{684CE7B1-C879-4729-9B99-3FDAE3466039}.Release|Any CPU.Build.0 = Release|Any CPU
		{999849E7-0DA2-4DE6-9521-765C153E3035}.Debug|Any CPU.ActiveCfg = Debug|Any CPU
		{999849E7-0DA2-4DE6-9521-765C153E3035}.Debug|Any CPU.Build.0 = Debug|Any CPU
		{999849E7-0DA2-4DE6-9521-765C153E3035}.Release|Any CPU.ActiveCfg = Release|Any CPU
		{999849E7-0DA2-4DE6-9521-765C153E3035}.Release|Any CPU.Build.0 = Release|Any CPU
		{8B741C51-3F06-438F-A54D-504C6A5369FA}.Debug|Any CPU.ActiveCfg = Debug|Any CPU
		{8B741C51-3F06-438F-A54D-504C6A5369FA}.Debug|Any CPU.Build.0 = Debug|Any CPU
		{8B741C51-3F06-438F-A54D-504C6A5369FA}.Release|Any CPU.ActiveCfg = Release|Any CPU
		{8B741C51-3F06-438F-A54D-504C6A5369FA}.Release|Any CPU.Build.0 = Release|Any CPU
		{2260C305-1FB0-4E02-ACA0-460ECE721F91}.Debug|Any CPU.ActiveCfg = Debug|Any CPU
		{2260C305-1FB0-4E02-ACA0-460ECE721F91}.Debug|Any CPU.Build.0 = Debug|Any CPU
		{2260C305-1FB0-4E02-ACA0-460ECE721F91}.Release|Any CPU.ActiveCfg = Release|Any CPU
		{2260C305-1FB0-4E02-ACA0-460ECE721F91}.Release|Any CPU.Build.0 = Release|Any CPU
		{A331A7A9-5601-47C1-810A-CE1EC2CEA6C9}.Debug|Any CPU.ActiveCfg = Debug|Any CPU
		{A331A7A9-5601-47C1-810A-CE1EC2CEA6C9}.Debug|Any CPU.Build.0 = Debug|Any CPU
		{A331A7A9-5601-47C1-810A-CE1EC2CEA6C9}.Release|Any CPU.ActiveCfg = Release|Any CPU
		{A331A7A9-5601-47C1-810A-CE1EC2CEA6C9}.Release|Any CPU.Build.0 = Release|Any CPU
		{5A249A2E-F285-4038-B064-D8A84B283E9F}.Debug|Any CPU.ActiveCfg = Debug|Any CPU
		{5A249A2E-F285-4038-B064-D8A84B283E9F}.Debug|Any CPU.Build.0 = Debug|Any CPU
		{5A249A2E-F285-4038-B064-D8A84B283E9F}.Release|Any CPU.ActiveCfg = Release|Any CPU
		{5A249A2E-F285-4038-B064-D8A84B283E9F}.Release|Any CPU.Build.0 = Release|Any CPU
		{DF5FD4E4-2B82-4D1C-A7BA-C5815C8B54A7}.Debug|Any CPU.ActiveCfg = Debug|Any CPU
		{DF5FD4E4-2B82-4D1C-A7BA-C5815C8B54A7}.Debug|Any CPU.Build.0 = Debug|Any CPU
		{DF5FD4E4-2B82-4D1C-A7BA-C5815C8B54A7}.Release|Any CPU.ActiveCfg = Release|Any CPU
		{DF5FD4E4-2B82-4D1C-A7BA-C5815C8B54A7}.Release|Any CPU.Build.0 = Release|Any CPU
		{49F952EA-F0FA-4385-A1E3-685C6A903958}.Debug|Any CPU.ActiveCfg = Debug|Any CPU
		{49F952EA-F0FA-4385-A1E3-685C6A903958}.Debug|Any CPU.Build.0 = Debug|Any CPU
		{49F952EA-F0FA-4385-A1E3-685C6A903958}.Release|Any CPU.ActiveCfg = Release|Any CPU
		{49F952EA-F0FA-4385-A1E3-685C6A903958}.Release|Any CPU.Build.0 = Release|Any CPU
		{9C76A0DE-F4FD-4BEA-85CA-ADF935F608A2}.Debug|Any CPU.ActiveCfg = Debug|Any CPU
		{9C76A0DE-F4FD-4BEA-85CA-ADF935F608A2}.Debug|Any CPU.Build.0 = Debug|Any CPU
		{9C76A0DE-F4FD-4BEA-85CA-ADF935F608A2}.Release|Any CPU.ActiveCfg = Release|Any CPU
		{9C76A0DE-F4FD-4BEA-85CA-ADF935F608A2}.Release|Any CPU.Build.0 = Release|Any CPU
	EndGlobalSection
	GlobalSection(SolutionProperties) = preSolution
		HideSolutionNode = FALSE
	EndGlobalSection
	GlobalSection(NestedProjects) = preSolution
		{4A24AB71-D7AE-412B-80CF-8C0C577E9977} = {7DD048E5-7A27-44F0-B0B3-A42A658E53E6}
		{D2B7B92C-4BFB-4FEB-8C12-2D1002DA5ED8} = {E28E7CC0-1EE0-4BE1-8AE0-EA34FDA7C180}
		{D96F7968-63D0-412E-A1F4-2FCCE39A3F00} = {592B08C1-FDF0-4D0E-8BF7-348AF3D652F0}
		{0EF152C8-4B3F-4D93-9C0D-8491AB59B34C} = {D96F7968-63D0-412E-A1F4-2FCCE39A3F00}
		{D5F68751-D9B7-43FE-9C2D-84D091444F37} = {D96F7968-63D0-412E-A1F4-2FCCE39A3F00}
		{854DD3B6-1C1D-45BD-B0C7-EF2CA6814D25} = {0EF152C8-4B3F-4D93-9C0D-8491AB59B34C}
		{B34FCA7C-5267-4C6D-A06D-B1BA96538653} = {0EF152C8-4B3F-4D93-9C0D-8491AB59B34C}
		{7DD048E5-7A27-44F0-B0B3-A42A658E53E6} = {0EF152C8-4B3F-4D93-9C0D-8491AB59B34C}
		{A3E8C713-6AEC-4DFB-8E0E-157786B088F3} = {D5F68751-D9B7-43FE-9C2D-84D091444F37}
		{AFA2CBC7-CC79-408E-AE80-C1479C2A4A1A} = {D5F68751-D9B7-43FE-9C2D-84D091444F37}
		{E28E7CC0-1EE0-4BE1-8AE0-EA34FDA7C180} = {D5F68751-D9B7-43FE-9C2D-84D091444F37}
		{999849E7-0DA2-4DE6-9521-765C153E3035} = {854DD3B6-1C1D-45BD-B0C7-EF2CA6814D25}
		{8B741C51-3F06-438F-A54D-504C6A5369FA} = {854DD3B6-1C1D-45BD-B0C7-EF2CA6814D25}
		{2260C305-1FB0-4E02-ACA0-460ECE721F91} = {B34FCA7C-5267-4C6D-A06D-B1BA96538653}
		{A331A7A9-5601-47C1-810A-CE1EC2CEA6C9} = {A3E8C713-6AEC-4DFB-8E0E-157786B088F3}
		{5A249A2E-F285-4038-B064-D8A84B283E9F} = {A3E8C713-6AEC-4DFB-8E0E-157786B088F3}
		{DF5FD4E4-2B82-4D1C-A7BA-C5815C8B54A7} = {AFA2CBC7-CC79-408E-AE80-C1479C2A4A1A}
		{4BD14462-A19A-45AC-9F2A-BE321CB4A98E} = {592B08C1-FDF0-4D0E-8BF7-348AF3D652F0}
		{49F952EA-F0FA-4385-A1E3-685C6A903958} = {4BD14462-A19A-45AC-9F2A-BE321CB4A98E}
		{9C76A0DE-F4FD-4BEA-85CA-ADF935F608A2} = {4BD14462-A19A-45AC-9F2A-BE321CB4A98E}
	EndGlobalSection
	GlobalSection(ExtensibilityGlobals) = postSolution
		SolutionGuid = {6B95E161-0E6B-44F0-AB49-209880827862}
	EndGlobalSection
EndGlobal
